
Microsoft Visual Studio Solution File, Format Version 12.00
# Visual Studio Version 17
VisualStudioVersion = 17.6.33815.320
MinimumVisualStudioVersion = 10.0.40219.1
Project("{FAE04EC0-301F-11D3-BF4B-00C04F79EFBC}") = "viagem_api", "viagem_api\viagem_api.csproj", "{3CDBD3C4-4451-4BC8-B764-60E2C953577B}"
EndProject
Global
	GlobalSection(SolutionConfigurationPlatforms) = preSolution
		Debug|Any CPU = Debug|Any CPU
		Release|Any CPU = Release|Any CPU
	EndGlobalSection
	GlobalSection(ProjectConfigurationPlatforms) = postSolution
		{3CDBD3C4-4451-4BC8-B764-60E2C953577B}.Debug|Any CPU.ActiveCfg = Debug|Any CPU
		{3CDBD3C4-4451-4BC8-B764-60E2C953577B}.Debug|Any CPU.Build.0 = Debug|Any CPU
		{3CDBD3C4-4451-4BC8-B764-60E2C953577B}.Release|Any CPU.ActiveCfg = Release|Any CPU
		{3CDBD3C4-4451-4BC8-B764-60E2C953577B}.Release|Any CPU.Build.0 = Release|Any CPU
	EndGlobalSection
	GlobalSection(SolutionProperties) = preSolution
		HideSolutionNode = FALSE
	EndGlobalSection
	GlobalSection(ExtensibilityGlobals) = postSolution
		SolutionGuid = {5DE7F3F8-9076-49A1-AB47-0B773C3A73E6}
	EndGlobalSection
EndGlobal
